
Microsoft Visual Studio Solution File, Format Version 12.00
# Visual Studio Version 16
VisualStudioVersion = 16.0.31129.286
MinimumVisualStudioVersion = 10.0.40219.1
Project("{FAE04EC0-301F-11D3-BF4B-00C04F79EFBC}") = "DTInstaller", "DTInstaller.csproj", "{F13AB7E2-B656-4E47-9E71-DA1FC288874F}"
EndProject
Global
	GlobalSection(SolutionConfigurationPlatforms) = preSolution
		Debug|Any CPU = Debug|Any CPU
		Release|Any CPU = Release|Any CPU
	EndGlobalSection
	GlobalSection(ProjectConfigurationPlatforms) = postSolution
		{F13AB7E2-B656-4E47-9E71-DA1FC288874F}.Debug|Any CPU.ActiveCfg = Debug|Any CPU
		{F13AB7E2-B656-4E47-9E71-DA1FC288874F}.Debug|Any CPU.Build.0 = Debug|Any CPU
		{F13AB7E2-B656-4E47-9E71-DA1FC288874F}.Release|Any CPU.ActiveCfg = Release|Any CPU
		{F13AB7E2-B656-4E47-9E71-DA1FC288874F}.Release|Any CPU.Build.0 = Release|Any CPU
	EndGlobalSection
	GlobalSection(SolutionProperties) = preSolution
		HideSolutionNode = FALSE
	EndGlobalSection
	GlobalSection(ExtensibilityGlobals) = postSolution
		SolutionGuid = {5F586180-2936-444E-A987-E8CA606A6878}
	EndGlobalSection
EndGlobal
